
Microsoft Visual Studio Solution File, Format Version 12.00
# Visual Studio Version 17
VisualStudioVersion = 17.14.36408.4
MinimumVisualStudioVersion = 10.0.40219.1
Project("{FAE04EC0-301F-11D3-BF4B-00C04F79EFBC}") = "NeoCapitalRPG", "NeoCapitalRPG.csproj", "{FB47A129-0E50-4968-A3F0-EBA903510AF9}"
EndProject
Global
	GlobalSection(SolutionConfigurationPlatforms) = preSolution
		Debug|Any CPU = Debug|Any CPU
		Release|Any CPU = Release|Any CPU
	EndGlobalSection
	GlobalSection(ProjectConfigurationPlatforms) = postSolution
		{FB47A129-0E50-4968-A3F0-EBA903510AF9}.Debug|Any CPU.ActiveCfg = Debug|Any CPU
		{FB47A129-0E50-4968-A3F0-EBA903510AF9}.Debug|Any CPU.Build.0 = Debug|Any CPU
		{FB47A129-0E50-4968-A3F0-EBA903510AF9}.Release|Any CPU.ActiveCfg = Release|Any CPU
		{FB47A129-0E50-4968-A3F0-EBA903510AF9}.Release|Any CPU.Build.0 = Release|Any CPU
	EndGlobalSection
	GlobalSection(SolutionProperties) = preSolution
		HideSolutionNode = FALSE
	EndGlobalSection
	GlobalSection(ExtensibilityGlobals) = postSolution
		SolutionGuid = {A8FC14DF-E71D-45AA-8CBC-979015E0081E}
	EndGlobalSection
EndGlobal
